
Microsoft Visual Studio Solution File, Format Version 12.00
# Visual Studio Version 16
VisualStudioVersion = 16.0.29613.14
MinimumVisualStudioVersion = 10.0.40219.1
Project("{9A19103F-16F7-4668-BE54-9A1E7A4F7556}") = "Youker.Api", "Youker\Youker.Api.csproj", "{6337DDC0-7364-4184-BC01-21C3E8799ED0}"
EndProject
Project("{FAE04EC0-301F-11D3-BF4B-00C04F79EFBC}") = "Youker.Repository", "Youker.Repository\Youker.Repository.csproj", "{4E50AFAF-29BC-4AA3-BF96-DDE3B5879ED7}"
EndProject
Project("{FAE04EC0-301F-11D3-BF4B-00C04F79EFBC}") = "Youker.Entity", "Youker.Entity\Youker.Entity.csproj", "{8400198D-A493-49DC-9D2C-0EBE05B678CE}"
EndProject
Project("{FAE04EC0-301F-11D3-BF4B-00C04F79EFBC}") = "Youker.Service", "Youker.Service\Youker.Service.csproj", "{84B59313-5FAB-48BC-9044-1BD983D49304}"
EndProject
Project("{FAE04EC0-301F-11D3-BF4B-00C04F79EFBC}") = "Youker.Common", "Youker.Common\Youker.Common.csproj", "{1C200D9A-CCF3-4CCB-8760-15C7499490C3}"
EndProject
Project("{FAE04EC0-301F-11D3-BF4B-00C04F79EFBC}") = "Youker.Application", "Youker.Application\Youker.Application.csproj", "{6B9C1159-CA80-4BC8-A9B7-EC1423AF9E82}"
EndProject
Global
	GlobalSection(SolutionConfigurationPlatforms) = preSolution
		Debug|Any CPU = Debug|Any CPU
		Release|Any CPU = Release|Any CPU
	EndGlobalSection
	GlobalSection(ProjectConfigurationPlatforms) = postSolution
		{6337DDC0-7364-4184-BC01-21C3E8799ED0}.Debug|Any CPU.ActiveCfg = Debug|Any CPU
		{6337DDC0-7364-4184-BC01-21C3E8799ED0}.Debug|Any CPU.Build.0 = Debug|Any CPU
		{6337DDC0-7364-4184-BC01-21C3E8799ED0}.Release|Any CPU.ActiveCfg = Release|Any CPU
		{6337DDC0-7364-4184-BC01-21C3E8799ED0}.Release|Any CPU.Build.0 = Release|Any CPU
		{4E50AFAF-29BC-4AA3-BF96-DDE3B5879ED7}.Debug|Any CPU.ActiveCfg = Debug|Any CPU
		{4E50AFAF-29BC-4AA3-BF96-DDE3B5879ED7}.Debug|Any CPU.Build.0 = Debug|Any CPU
		{4E50AFAF-29BC-4AA3-BF96-DDE3B5879ED7}.Release|Any CPU.ActiveCfg = Release|Any CPU
		{4E50AFAF-29BC-4AA3-BF96-DDE3B5879ED7}.Release|Any CPU.Build.0 = Release|Any CPU
		{8400198D-A493-49DC-9D2C-0EBE05B678CE}.Debug|Any CPU.ActiveCfg = Debug|Any CPU
		{8400198D-A493-49DC-9D2C-0EBE05B678CE}.Debug|Any CPU.Build.0 = Debug|Any CPU
		{8400198D-A493-49DC-9D2C-0EBE05B678CE}.Release|Any CPU.ActiveCfg = Release|Any CPU
		{8400198D-A493-49DC-9D2C-0EBE05B678CE}.Release|Any CPU.Build.0 = Release|Any CPU
		{84B59313-5FAB-48BC-9044-1BD983D49304}.Debug|Any CPU.ActiveCfg = Debug|Any CPU
		{84B59313-5FAB-48BC-9044-1BD983D49304}.Debug|Any CPU.Build.0 = Debug|Any CPU
		{84B59313-5FAB-48BC-9044-1BD983D49304}.Release|Any CPU.ActiveCfg = Release|Any CPU
		{84B59313-5FAB-48BC-9044-1BD983D49304}.Release|Any CPU.Build.0 = Release|Any CPU
		{1C200D9A-CCF3-4CCB-8760-15C7499490C3}.Debug|Any CPU.ActiveCfg = Debug|Any CPU
		{1C200D9A-CCF3-4CCB-8760-15C7499490C3}.Debug|Any CPU.Build.0 = Debug|Any CPU
		{1C200D9A-CCF3-4CCB-8760-15C7499490C3}.Release|Any CPU.ActiveCfg = Release|Any CPU
		{1C200D9A-CCF3-4CCB-8760-15C7499490C3}.Release|Any CPU.Build.0 = Release|Any CPU
		{6B9C1159-CA80-4BC8-A9B7-EC1423AF9E82}.Debug|Any CPU.ActiveCfg = Debug|Any CPU
		{6B9C1159-CA80-4BC8-A9B7-EC1423AF9E82}.Debug|Any CPU.Build.0 = Debug|Any CPU
		{6B9C1159-CA80-4BC8-A9B7-EC1423AF9E82}.Release|Any CPU.ActiveCfg = Release|Any CPU
		{6B9C1159-CA80-4BC8-A9B7-EC1423AF9E82}.Release|Any CPU.Build.0 = Release|Any CPU
	EndGlobalSection
	GlobalSection(SolutionProperties) = preSolution
		HideSolutionNode = FALSE
	EndGlobalSection
	GlobalSection(ExtensibilityGlobals) = postSolution
		SolutionGuid = {9018A5DE-D5F5-4B14-BFC5-CB1D75649321}
	EndGlobalSection
EndGlobal
